// !$*UTF8*$!
{
	archiveVersion = 1;
	classes = {
	};
	objectVersion = 56;
	objects = {

/* Begin PBXBuildFile section */
		A099A3F42CE8D678009C499C /* ProximityHapticAppApp.swift in Sources */ = {isa = PBXBuildFile; fileRef = A099A3F32CE8D678009C499C /* ProximityHapticAppApp.swift */; };
		A099A3F82CE8D67A009C499C /* Assets.xcassets in Resources */ = {isa = PBXBuildFile; fileRef = A099A3F72CE8D67A009C499C /* Assets.xcassets */; };
		A099A3FC2CE8D67A009C499C /* Preview Assets.xcassets in Resources */ = {isa = PBXBuildFile; fileRef = A099A3FB2CE8D67A009C499C /* Preview Assets.xcassets */; };
		A099A4062CE8D67A009C499C /* ProximityHapticAppTests.swift in Sources */ = {isa = PBXBuildFile; fileRef = A099A4052CE8D67A009C499C /* ProximityHapticAppTests.swift */; };
		A099A4102CE8D67A009C499C /* ProximityHapticAppUITests.swift in Sources */ = {isa = PBXBuildFile; fileRef = A099A40F2CE8D67A009C499C /* ProximityHapticAppUITests.swift */; };
		A099A4122CE8D67A009C499C /* ProximityHapticAppUITestsLaunchTests.swift in Sources */ = {isa = PBXBuildFile; fileRef = A099A4112CE8D67A009C499C /* ProximityHapticAppUITestsLaunchTests.swift */; };
		A099A4382CE8F55D009C499C /* HapticController.swift in Sources */ = {isa = PBXBuildFile; fileRef = A099A4362CE8F55D009C499C /* HapticController.swift */; };
		A099A43B2CE8F565009C499C /* DotModel.swift in Sources */ = {isa = PBXBuildFile; fileRef = A099A4392CE8F565009C499C /* DotModel.swift */; };
		A099A4402CE8F56F009C499C /* BackgroundView.swift in Sources */ = {isa = PBXBuildFile; fileRef = A099A43C2CE8F56F009C499C /* BackgroundView.swift */; };
		A099A4412CE8F56F009C499C /* ContentView.swift in Sources */ = {isa = PBXBuildFile; fileRef = A099A43D2CE8F56F009C499C /* ContentView.swift */; };
		A099A4422CE8F56F009C499C /* DotView.swift in Sources */ = {isa = PBXBuildFile; fileRef = A099A43E2CE8F56F009C499C /* DotView.swift */; };
/* End PBXBuildFile section */

/* Begin PBXContainerItemProxy section */
		A099A4022CE8D67A009C499C /* PBXContainerItemProxy */ = {
			isa = PBXContainerItemProxy;
			containerPortal = A099A3E82CE8D678009C499C /* Project object */;
			proxyType = 1;
			remoteGlobalIDString = A099A3EF2CE8D678009C499C;
			remoteInfo = ProximityHapticApp;
		};
		A099A40C2CE8D67A009C499C /* PBXContainerItemProxy */ = {
			isa = PBXContainerItemProxy;
			containerPortal = A099A3E82CE8D678009C499C /* Project object */;
			proxyType = 1;
			remoteGlobalIDString = A099A3EF2CE8D678009C499C;
			remoteInfo = ProximityHapticApp;
		};
/* End PBXContainerItemProxy section */

/* Begin PBXFileReference section */
		A099A3F02CE8D678009C499C /* ProximityHapticApp.app */ = {isa = PBXFileReference; explicitFileType = wrapper.application; includeInIndex = 0; path = ProximityHapticApp.app; sourceTree = BUILT_PRODUCTS_DIR; };
		A099A3F32CE8D678009C499C /* ProximityHapticAppApp.swift */ = {isa = PBXFileReference; lastKnownFileType = sourcecode.swift; path = ProximityHapticAppApp.swift; sourceTree = "<group>"; };
		A099A3F72CE8D67A009C499C /* Assets.xcassets */ = {isa = PBXFileReference; lastKnownFileType = folder.assetcatalog; path = Assets.xcassets; sourceTree = "<group>"; };
		A099A3F92CE8D67A009C499C /* ProximityHapticApp.entitlements */ = {isa = PBXFileReference; lastKnownFileType = text.plist.entitlements; path = ProximityHapticApp.entitlements; sourceTree = "<group>"; };
		A099A3FB2CE8D67A009C499C /* Preview Assets.xcassets */ = {isa = PBXFileReference; lastKnownFileType = folder.assetcatalog; path = "Preview Assets.xcassets"; sourceTree = "<group>"; };
		A099A4012CE8D67A009C499C /* ProximityHapticAppTests.xctest */ = {isa = PBXFileReference; explicitFileType = wrapper.cfbundle; includeInIndex = 0; path = ProximityHapticAppTests.xctest; sourceTree = BUILT_PRODUCTS_DIR; };
		A099A4052CE8D67A009C499C /* ProximityHapticAppTests.swift */ = {isa = PBXFileReference; lastKnownFileType = sourcecode.swift; path = ProximityHapticAppTests.swift; sourceTree = "<group>"; };
		A099A40B2CE8D67A009C499C /* ProximityHapticAppUITests.xctest */ = {isa = PBXFileReference; explicitFileType = wrapper.cfbundle; includeInIndex = 0; path = ProximityHapticAppUITests.xctest; sourceTree = BUILT_PRODUCTS_DIR; };
		A099A40F2CE8D67A009C499C /* ProximityHapticAppUITests.swift */ = {isa = PBXFileReference; lastKnownFileType = sourcecode.swift; path = ProximityHapticAppUITests.swift; sourceTree = "<group>"; };
		A099A4112CE8D67A009C499C /* ProximityHapticAppUITestsLaunchTests.swift */ = {isa = PBXFileReference; lastKnownFileType = sourcecode.swift; path = ProximityHapticAppUITestsLaunchTests.swift; sourceTree = "<group>"; };
		A099A4362CE8F55D009C499C /* HapticController.swift */ = {isa = PBXFileReference; fileEncoding = 4; lastKnownFileType = sourcecode.swift; path = HapticController.swift; sourceTree = "<group>"; };
		A099A4392CE8F565009C499C /* DotModel.swift */ = {isa = PBXFileReference; fileEncoding = 4; lastKnownFileType = sourcecode.swift; path = DotModel.swift; sourceTree = "<group>"; };
		A099A43C2CE8F56F009C499C /* BackgroundView.swift */ = {isa = PBXFileReference; fileEncoding = 4; lastKnownFileType = sourcecode.swift; path = BackgroundView.swift; sourceTree = "<group>"; };
		A099A43D2CE8F56F009C499C /* ContentView.swift */ = {isa = PBXFileReference; fileEncoding = 4; lastKnownFileType = sourcecode.swift; path = ContentView.swift; sourceTree = "<group>"; };
		A099A43E2CE8F56F009C499C /* DotView.swift */ = {isa = PBXFileReference; fileEncoding = 4; lastKnownFileType = sourcecode.swift; path = DotView.swift; sourceTree = "<group>"; };
/* End PBXFileReference section */

/* Begin PBXFrameworksBuildPhase section */
		A099A3ED2CE8D678009C499C /* Frameworks */ = {
			isa = PBXFrameworksBuildPhase;
			buildActionMask = 2147483647;
			files = (
			);
			runOnlyForDeploymentPostprocessing = 0;
		};
		A099A3FE2CE8D67A009C499C /* Frameworks */ = {
			isa = PBXFrameworksBuildPhase;
			buildActionMask = 2147483647;
			files = (
			);
			runOnlyForDeploymentPostprocessing = 0;
		};
		A099A4082CE8D67A009C499C /* Frameworks */ = {
			isa = PBXFrameworksBuildPhase;
			buildActionMask = 2147483647;
			files = (
			);
			runOnlyForDeploymentPostprocessing = 0;
		};
/* End PBXFrameworksBuildPhase section */

/* Begin PBXGroup section */
		A099A3E72CE8D678009C499C = {
			isa = PBXGroup;
			children = (
				A099A43F2CE8F56F009C499C /* Views */,
				A099A43A2CE8F565009C499C /* Models */,
				A099A4372CE8F55D009C499C /* Controllers */,
				A099A3F22CE8D678009C499C /* ProximityHapticApp */,
				A099A4042CE8D67A009C499C /* ProximityHapticAppTests */,
				A099A40E2CE8D67A009C499C /* ProximityHapticAppUITests */,
				A099A3F12CE8D678009C499C /* Products */,
			);
			sourceTree = "<group>";
		};
		A099A3F12CE8D678009C499C /* Products */ = {
			isa = PBXGroup;
			children = (
				A099A3F02CE8D678009C499C /* ProximityHapticApp.app */,
				A099A4012CE8D67A009C499C /* ProximityHapticAppTests.xctest */,
				A099A40B2CE8D67A009C499C /* ProximityHapticAppUITests.xctest */,
			);
			name = Products;
			sourceTree = "<group>";
		};
		A099A3F22CE8D678009C499C /* ProximityHapticApp */ = {
			isa = PBXGroup;
			children = (
				A099A3F32CE8D678009C499C /* ProximityHapticAppApp.swift */,
				A099A3F72CE8D67A009C499C /* Assets.xcassets */,
				A099A3F92CE8D67A009C499C /* ProximityHapticApp.entitlements */,
				A099A3FA2CE8D67A009C499C /* Preview Content */,
			);
			path = ProximityHapticApp;
			sourceTree = "<group>";
		};
		A099A3FA2CE8D67A009C499C /* Preview Content */ = {
			isa = PBXGroup;
			children = (
				A099A3FB2CE8D67A009C499C /* Preview Assets.xcassets */,
			);
			path = "Preview Content";
			sourceTree = "<group>";
		};
		A099A4042CE8D67A009C499C /* ProximityHapticAppTests */ = {
			isa = PBXGroup;
			children = (
				A099A4052CE8D67A009C499C /* ProximityHapticAppTests.swift */,
			);
			path = ProximityHapticAppTests;
			sourceTree = "<group>";
		};
		A099A40E2CE8D67A009C499C /* ProximityHapticAppUITests */ = {
			isa = PBXGroup;
			children = (
				A099A40F2CE8D67A009C499C /* ProximityHapticAppUITests.swift */,
				A099A4112CE8D67A009C499C /* ProximityHapticAppUITestsLaunchTests.swift */,
			);
			path = ProximityHapticAppUITests;
			sourceTree = "<group>";
		};
		A099A4372CE8F55D009C499C /* Controllers */ = {
			isa = PBXGroup;
			children = (
				A099A4362CE8F55D009C499C /* HapticController.swift */,
			);
			path = Controllers;
			sourceTree = "<group>";
		};
		A099A43A2CE8F565009C499C /* Models */ = {
			isa = PBXGroup;
			children = (
				A099A4392CE8F565009C499C /* DotModel.swift */,
			);
			path = Models;
			sourceTree = "<group>";
		};
		A099A43F2CE8F56F009C499C /* Views */ = {
			isa = PBXGroup;
			children = (
				A099A43C2CE8F56F009C499C /* BackgroundView.swift */,
				A099A43D2CE8F56F009C499C /* ContentView.swift */,
				A099A43E2CE8F56F009C499C /* DotView.swift */,
			);
			path = Views;
			sourceTree = "<group>";
		};
/* End PBXGroup section */

/* Begin PBXNativeTarget section */
		A099A3EF2CE8D678009C499C /* ProximityHapticApp */ = {
			isa = PBXNativeTarget;
			buildConfigurationList = A099A4152CE8D67A009C499C /* Build configuration list for PBXNativeTarget "ProximityHapticApp" */;
			buildPhases = (
				A099A3EC2CE8D678009C499C /* Sources */,
				A099A3ED2CE8D678009C499C /* Frameworks */,
				A099A3EE2CE8D678009C499C /* Resources */,
			);
			buildRules = (
			);
			dependencies = (
			);
			name = ProximityHapticApp;
			productName = ProximityHapticApp;
			productReference = A099A3F02CE8D678009C499C /* ProximityHapticApp.app */;
			productType = "com.apple.product-type.application";
		};
		A099A4002CE8D67A009C499C /* ProximityHapticAppTests */ = {
			isa = PBXNativeTarget;
			buildConfigurationList = A099A4182CE8D67A009C499C /* Build configuration list for PBXNativeTarget "ProximityHapticAppTests" */;
			buildPhases = (
				A099A3FD2CE8D67A009C499C /* Sources */,
				A099A3FE2CE8D67A009C499C /* Frameworks */,
				A099A3FF2CE8D67A009C499C /* Resources */,
			);
			buildRules = (
			);
			dependencies = (
				A099A4032CE8D67A009C499C /* PBXTargetDependency */,
			);
			name = ProximityHapticAppTests;
			productName = ProximityHapticAppTests;
			productReference = A099A4012CE8D67A009C499C /* ProximityHapticAppTests.xctest */;
			productType = "com.apple.product-type.bundle.unit-test";
		};
		A099A40A2CE8D67A009C499C /* ProximityHapticAppUITests */ = {
			isa = PBXNativeTarget;
			buildConfigurationList = A099A41B2CE8D67A009C499C /* Build configuration list for PBXNativeTarget "ProximityHapticAppUITests" */;
			buildPhases = (
				A099A4072CE8D67A009C499C /* Sources */,
				A099A4082CE8D67A009C499C /* Frameworks */,
				A099A4092CE8D67A009C499C /* Resources */,
			);
			buildRules = (
			);
			dependencies = (
				A099A40D2CE8D67A009C499C /* PBXTargetDependency */,
			);
			name = ProximityHapticAppUITests;
			productName = ProximityHapticAppUITests;
			productReference = A099A40B2CE8D67A009C499C /* ProximityHapticAppUITests.xctest */;
			productType = "com.apple.product-type.bundle.ui-testing";
		};
/* End PBXNativeTarget section */

/* Begin PBXProject section */
		A099A3E82CE8D678009C499C /* Project object */ = {
			isa = PBXProject;
			attributes = {
				BuildIndependentTargetsInParallel = 1;
				LastSwiftUpdateCheck = 1540;
				LastUpgradeCheck = 1540;
				TargetAttributes = {
					A099A3EF2CE8D678009C499C = {
						CreatedOnToolsVersion = 15.4;
					};
					A099A4002CE8D67A009C499C = {
						CreatedOnToolsVersion = 15.4;
						TestTargetID = A099A3EF2CE8D678009C499C;
					};
					A099A40A2CE8D67A009C499C = {
						CreatedOnToolsVersion = 15.4;
						TestTargetID = A099A3EF2CE8D678009C499C;
					};
				};
			};
			buildConfigurationList = A099A3EB2CE8D678009C499C /* Build configuration list for PBXProject "ProximityHapticApp" */;
			compatibilityVersion = "Xcode 14.0";
			developmentRegion = en;
			hasScannedForEncodings = 0;
			knownRegions = (
				en,
				Base,
			);
			mainGroup = A099A3E72CE8D678009C499C;
			productRefGroup = A099A3F12CE8D678009C499C /* Products */;
			projectDirPath = "";
			projectRoot = "";
			targets = (
				A099A3EF2CE8D678009C499C /* ProximityHapticApp */,
				A099A4002CE8D67A009C499C /* ProximityHapticAppTests */,
				A099A40A2CE8D67A009C499C /* ProximityHapticAppUITests */,
			);
		};
/* End PBXProject section */

/* Begin PBXResourcesBuildPhase section */
		A099A3EE2CE8D678009C499C /* Resources */ = {
			isa = PBXResourcesBuildPhase;
			buildActionMask = 2147483647;
			files = (
				A099A3FC2CE8D67A009C499C /* Preview Assets.xcassets in Resources */,
				A099A3F82CE8D67A009C499C /* Assets.xcassets in Resources */,
			);
			runOnlyForDeploymentPostprocessing = 0;
		};
		A099A3FF2CE8D67A009C499C /* Resources */ = {
			isa = PBXResourcesBuildPhase;
			buildActionMask = 2147483647;
			files = (
			);
			runOnlyForDeploymentPostprocessing = 0;
		};
		A099A4092CE8D67A009C499C /* Resources */ = {
			isa = PBXResourcesBuildPhase;
			buildActionMask = 2147483647;
			files = (
			);
			runOnlyForDeploymentPostprocessing = 0;
		};
/* End PBXResourcesBuildPhase section */

/* Begin PBXSourcesBuildPhase section */
		A099A3EC2CE8D678009C499C /* Sources */ = {
			isa = PBXSourcesBuildPhase;
			buildActionMask = 2147483647;
			files = (
				A099A4402CE8F56F009C499C /* BackgroundView.swift in Sources */,
				A099A4422CE8F56F009C499C /* DotView.swift in Sources */,
				A099A4412CE8F56F009C499C /* ContentView.swift in Sources */,
				A099A43B2CE8F565009C499C /* DotModel.swift in Sources */,
				A099A4382CE8F55D009C499C /* HapticController.swift in Sources */,
				A099A3F42CE8D678009C499C /* ProximityHapticAppApp.swift in Sources */,
			);
			runOnlyForDeploymentPostprocessing = 0;
		};
		A099A3FD2CE8D67A009C499C /* Sources */ = {
			isa = PBXSourcesBuildPhase;
			buildActionMask = 2147483647;
			files = (
				A099A4062CE8D67A009C499C /* ProximityHapticAppTests.swift in Sources */,
			);
			runOnlyForDeploymentPostprocessing = 0;
		};
		A099A4072CE8D67A009C499C /* Sources */ = {
			isa = PBXSourcesBuildPhase;
			buildActionMask = 2147483647;
			files = (
				A099A4102CE8D67A009C499C /* ProximityHapticAppUITests.swift in Sources */,
				A099A4122CE8D67A009C499C /* ProximityHapticAppUITestsLaunchTests.swift in Sources */,
			);
			runOnlyForDeploymentPostprocessing = 0;
		};
/* End PBXSourcesBuildPhase section */

/* Begin PBXTargetDependency section */
		A099A4032CE8D67A009C499C /* PBXTargetDependency */ = {
			isa = PBXTargetDependency;
			target = A099A3EF2CE8D678009C499C /* ProximityHapticApp */;
			targetProxy = A099A4022CE8D67A009C499C /* PBXContainerItemProxy */;
		};
		A099A40D2CE8D67A009C499C /* PBXTargetDependency */ = {
			isa = PBXTargetDependency;
			target = A099A3EF2CE8D678009C499C /* ProximityHapticApp */;
			targetProxy = A099A40C2CE8D67A009C499C /* PBXContainerItemProxy */;
		};
/* End PBXTargetDependency section */

/* Begin XCBuildConfiguration section */
		A099A4132CE8D67A009C499C /* Debug */ = {
			isa = XCBuildConfiguration;
			buildSettings = {
				ALWAYS_SEARCH_USER_PATHS = NO;
				ASSETCATALOG_COMPILER_GENERATE_SWIFT_ASSET_SYMBOL_EXTENSIONS = YES;
				CLANG_ANALYZER_NONNULL = YES;
				CLANG_ANALYZER_NUMBER_OBJECT_CONVERSION = YES_AGGRESSIVE;
				CLANG_CXX_LANGUAGE_STANDARD = "gnu++20";
				CLANG_ENABLE_MODULES = YES;
				CLANG_ENABLE_OBJC_ARC = YES;
				CLANG_ENABLE_OBJC_WEAK = YES;
				CLANG_WARN_BLOCK_CAPTURE_AUTORELEASING = YES;
				CLANG_WARN_BOOL_CONVERSION = YES;
				CLANG_WARN_COMMA = YES;
				CLANG_WARN_CONSTANT_CONVERSION = YES;
				CLANG_WARN_DEPRECATED_OBJC_IMPLEMENTATIONS = YES;
				CLANG_WARN_DIRECT_OBJC_ISA_USAGE = YES_ERROR;
				CLANG_WARN_DOCUMENTATION_COMMENTS = YES;
				CLANG_WARN_EMPTY_BODY = YES;
				CLANG_WARN_ENUM_CONVERSION = YES;
				CLANG_WARN_INFINITE_RECURSION = YES;
				CLANG_WARN_INT_CONVERSION = YES;
				CLANG_WARN_NON_LITERAL_NULL_CONVERSION = YES;
				CLANG_WARN_OBJC_IMPLICIT_RETAIN_SELF = YES;
				CLANG_WARN_OBJC_LITERAL_CONVERSION = YES;
				CLANG_WARN_OBJC_ROOT_CLASS = YES_ERROR;
				CLANG_WARN_QUOTED_INCLUDE_IN_FRAMEWORK_HEADER = YES;
				CLANG_WARN_RANGE_LOOP_ANALYSIS = YES;
				CLANG_WARN_STRICT_PROTOTYPES = YES;
				CLANG_WARN_SUSPICIOUS_MOVE = YES;
				CLANG_WARN_UNGUARDED_AVAILABILITY = YES_AGGRESSIVE;
				CLANG_WARN_UNREACHABLE_CODE = YES;
				CLANG_WARN__DUPLICATE_METHOD_MATCH = YES;
				COPY_PHASE_STRIP = NO;
				DEBUG_INFORMATION_FORMAT = dwarf;
				ENABLE_STRICT_OBJC_MSGSEND = YES;
				ENABLE_TESTABILITY = YES;
				ENABLE_USER_SCRIPT_SANDBOXING = YES;
				GCC_C_LANGUAGE_STANDARD = gnu17;
				GCC_DYNAMIC_NO_PIC = NO;
				GCC_NO_COMMON_BLOCKS = YES;
				GCC_OPTIMIZATION_LEVEL = 0;
				GCC_PREPROCESSOR_DEFINITIONS = (
					"DEBUG=1",
					"$(inherited)",
				);
				GCC_WARN_64_TO_32_BIT_CONVERSION = YES;
				GCC_WARN_ABOUT_RETURN_TYPE = YES_ERROR;
				GCC_WARN_UNDECLARED_SELECTOR = YES;
				GCC_WARN_UNINITIALIZED_AUTOS = YES_AGGRESSIVE;
				GCC_WARN_UNUSED_FUNCTION = YES;
				GCC_WARN_UNUSED_VARIABLE = YES;
				LOCALIZATION_PREFERS_STRING_CATALOGS = YES;
				MTL_ENABLE_DEBUG_INFO = INCLUDE_SOURCE;
				MTL_FAST_MATH = YES;
				ONLY_ACTIVE_ARCH = YES;
				SWIFT_ACTIVE_COMPILATION_CONDITIONS = "DEBUG $(inherited)";
				SWIFT_OPTIMIZATION_LEVEL = "-Onone";
			};
			name = Debug;
		};
		A099A4142CE8D67A009C499C /* Release */ = {
			isa = XCBuildConfiguration;
			buildSettings = {
				ALWAYS_SEARCH_USER_PATHS = NO;
				ASSETCATALOG_COMPILER_GENERATE_SWIFT_ASSET_SYMBOL_EXTENSIONS = YES;
				CLANG_ANALYZER_NONNULL = YES;
				CLANG_ANALYZER_NUMBER_OBJECT_CONVERSION = YES_AGGRESSIVE;
				CLANG_CXX_LANGUAGE_STANDARD = "gnu++20";
				CLANG_ENABLE_MODULES = YES;
				CLANG_ENABLE_OBJC_ARC = YES;
				CLANG_ENABLE_OBJC_WEAK = YES;
				CLANG_WARN_BLOCK_CAPTURE_AUTORELEASING = YES;
				CLANG_WARN_BOOL_CONVERSION = YES;
				CLANG_WARN_COMMA = YES;
				CLANG_WARN_CONSTANT_CONVERSION = YES;
				CLANG_WARN_DEPRECATED_OBJC_IMPLEMENTATIONS = YES;
				CLANG_WARN_DIRECT_OBJC_ISA_USAGE = YES_ERROR;
				CLANG_WARN_DOCUMENTATION_COMMENTS = YES;
				CLANG_WARN_EMPTY_BODY = YES;
				CLANG_WARN_ENUM_CONVERSION = YES;
				CLANG_WARN_INFINITE_RECURSION = YES;
				CLANG_WARN_INT_CONVERSION = YES;
				CLANG_WARN_NON_LITERAL_NULL_CONVERSION = YES;
				CLANG_WARN_OBJC_IMPLICIT_RETAIN_SELF = YES;
				CLANG_WARN_OBJC_LITERAL_CONVERSION = YES;
				CLANG_WARN_OBJC_ROOT_CLASS = YES_ERROR;
				CLANG_WARN_QUOTED_INCLUDE_IN_FRAMEWORK_HEADER = YES;
				CLANG_WARN_RANGE_LOOP_ANALYSIS = YES;
				CLANG_WARN_STRICT_PROTOTYPES = YES;
				CLANG_WARN_SUSPICIOUS_MOVE = YES;
				CLANG_WARN_UNGUARDED_AVAILABILITY = YES_AGGRESSIVE;
				CLANG_WARN_UNREACHABLE_CODE = YES;
				CLANG_WARN__DUPLICATE_METHOD_MATCH = YES;
				COPY_PHASE_STRIP = NO;
				DEBUG_INFORMATION_FORMAT = "dwarf-with-dsym";
				ENABLE_NS_ASSERTIONS = NO;
				ENABLE_STRICT_OBJC_MSGSEND = YES;
				ENABLE_USER_SCRIPT_SANDBOXING = YES;
				GCC_C_LANGUAGE_STANDARD = gnu17;
				GCC_NO_COMMON_BLOCKS = YES;
				GCC_WARN_64_TO_32_BIT_CONVERSION = YES;
				GCC_WARN_ABOUT_RETURN_TYPE = YES_ERROR;
				GCC_WARN_UNDECLARED_SELECTOR = YES;
				GCC_WARN_UNINITIALIZED_AUTOS = YES_AGGRESSIVE;
				GCC_WARN_UNUSED_FUNCTION = YES;
				GCC_WARN_UNUSED_VARIABLE = YES;
				LOCALIZATION_PREFERS_STRING_CATALOGS = YES;
				MTL_ENABLE_DEBUG_INFO = NO;
				MTL_FAST_MATH = YES;
				SWIFT_COMPILATION_MODE = wholemodule;
			};
			name = Release;
		};
		A099A4162CE8D67A009C499C /* Debug */ = {
			isa = XCBuildConfiguration;
			buildSettings = {
				ASSETCATALOG_COMPILER_APPICON_NAME = AppIcon;
				ASSETCATALOG_COMPILER_GLOBAL_ACCENT_COLOR_NAME = AccentColor;
				CODE_SIGN_ENTITLEMENTS = ProximityHapticApp/ProximityHapticApp.entitlements;
				CODE_SIGN_STYLE = Automatic;
				CURRENT_PROJECT_VERSION = 1;
				DEVELOPMENT_ASSET_PATHS = "\"ProximityHapticApp/Preview Content\"";
				DEVELOPMENT_TEAM = BJ4XFR63FY;
				ENABLE_HARDENED_RUNTIME = YES;
				ENABLE_PREVIEWS = YES;
				GENERATE_INFOPLIST_FILE = YES;
				"INFOPLIST_KEY_UIApplicationSceneManifest_Generation[sdk=iphoneos*]" = YES;
				"INFOPLIST_KEY_UIApplicationSceneManifest_Generation[sdk=iphonesimulator*]" = YES;
				"INFOPLIST_KEY_UIApplicationSupportsIndirectInputEvents[sdk=iphoneos*]" = YES;
				"INFOPLIST_KEY_UIApplicationSupportsIndirectInputEvents[sdk=iphonesimulator*]" = YES;
				"INFOPLIST_KEY_UILaunchScreen_Generation[sdk=iphoneos*]" = YES;
				"INFOPLIST_KEY_UILaunchScreen_Generation[sdk=iphonesimulator*]" = YES;
				"INFOPLIST_KEY_UIStatusBarStyle[sdk=iphoneos*]" = UIStatusBarStyleDefault;
				"INFOPLIST_KEY_UIStatusBarStyle[sdk=iphonesimulator*]" = UIStatusBarStyleDefault;
				INFOPLIST_KEY_UISupportedInterfaceOrientations_iPad = "UIInterfaceOrientationPortrait UIInterfaceOrientationPortraitUpsideDown UIInterfaceOrientationLandscapeLeft UIInterfaceOrientationLandscapeRight";
				INFOPLIST_KEY_UISupportedInterfaceOrientations_iPhone = "UIInterfaceOrientationPortrait UIInterfaceOrientationLandscapeLeft UIInterfaceOrientationLandscapeRight";
				IPHONEOS_DEPLOYMENT_TARGET = 17.5;
				LD_RUNPATH_SEARCH_PATHS = "@executable_path/Frameworks";
				"LD_RUNPATH_SEARCH_PATHS[sdk=macosx*]" = "@executable_path/../Frameworks";
				MACOSX_DEPLOYMENT_TARGET = 14.5;
				MARKETING_VERSION = 1.0;
				PRODUCT_BUNDLE_IDENTIFIER = com.example.hapticapp.ProximityHapticApp;
				PRODUCT_NAME = "$(TARGET_NAME)";
				SDKROOT = auto;
				SUPPORTED_PLATFORMS = "iphoneos iphonesimulator macosx";
				SWIFT_EMIT_LOC_STRINGS = YES;
				SWIFT_VERSION = 5.0;
				TARGETED_DEVICE_FAMILY = "1,2";
			};
			name = Debug;
		};
		A099A4172CE8D67A009C499C /* Release */ = {
			isa = XCBuildConfiguration;
			buildSettings = {
				ASSETCATALOG_COMPILER_APPICON_NAME = AppIcon;
				ASSETCATALOG_COMPILER_GLOBAL_ACCENT_COLOR_NAME = AccentColor;
				CODE_SIGN_ENTITLEMENTS = ProximityHapticApp/ProximityHapticApp.entitlements;
				CODE_SIGN_STYLE = Automatic;
				CURRENT_PROJECT_VERSION = 1;
				DEVELOPMENT_ASSET_PATHS = "\"ProximityHapticApp/Preview Content\"";
				DEVELOPMENT_TEAM = BJ4XFR63FY;
				ENABLE_HARDENED_RUNTIME = YES;
				ENABLE_PREVIEWS = YES;
				GENERATE_INFOPLIST_FILE = YES;
				"INFOPLIST_KEY_UIApplicationSceneManifest_Generation[sdk=iphoneos*]" = YES;
				"INFOPLIST_KEY_UIApplicationSceneManifest_Generation[sdk=iphonesimulator*]" = YES;
				"INFOPLIST_KEY_UIApplicationSupportsIndirectInputEvents[sdk=iphoneos*]" = YES;
				"INFOPLIST_KEY_UIApplicationSupportsIndirectInputEvents[sdk=iphonesimulator*]" = YES;
				"INFOPLIST_KEY_UILaunchScreen_Generation[sdk=iphoneos*]" = YES;
				"INFOPLIST_KEY_UILaunchScreen_Generation[sdk=iphonesimulator*]" = YES;
				"INFOPLIST_KEY_UIStatusBarStyle[sdk=iphoneos*]" = UIStatusBarStyleDefault;
				"INFOPLIST_KEY_UIStatusBarStyle[sdk=iphonesimulator*]" = UIStatusBarStyleDefault;
				INFOPLIST_KEY_UISupportedInterfaceOrientations_iPad = "UIInterfaceOrientationPortrait UIInterfaceOrientationPortraitUpsideDown UIInterfaceOrientationLandscapeLeft UIInterfaceOrientationLandscapeRight";
				INFOPLIST_KEY_UISupportedInterfaceOrientations_iPhone = "UIInterfaceOrientationPortrait UIInterfaceOrientationLandscapeLeft UIInterfaceOrientationLandscapeRight";
				IPHONEOS_DEPLOYMENT_TARGET = 17.5;
				LD_RUNPATH_SEARCH_PATHS = "@executable_path/Frameworks";
				"LD_RUNPATH_SEARCH_PATHS[sdk=macosx*]" = "@executable_path/../Frameworks";
				MACOSX_DEPLOYMENT_TARGET = 14.5;
				MARKETING_VERSION = 1.0;
				PRODUCT_BUNDLE_IDENTIFIER = com.example.hapticapp.ProximityHapticApp;
				PRODUCT_NAME = "$(TARGET_NAME)";
				SDKROOT = auto;
				SUPPORTED_PLATFORMS = "iphoneos iphonesimulator macosx";
				SWIFT_EMIT_LOC_STRINGS = YES;
				SWIFT_VERSION = 5.0;
				TARGETED_DEVICE_FAMILY = "1,2";
			};
			name = Release;
		};
		A099A4192CE8D67A009C499C /* Debug */ = {
			isa = XCBuildConfiguration;
			buildSettings = {
				ALWAYS_EMBED_SWIFT_STANDARD_LIBRARIES = YES;
				BUNDLE_LOADER = "$(TEST_HOST)";
				CODE_SIGN_STYLE = Automatic;
				CURRENT_PROJECT_VERSION = 1;
				DEVELOPMENT_TEAM = BJ4XFR63FY;
				GENERATE_INFOPLIST_FILE = YES;
				IPHONEOS_DEPLOYMENT_TARGET = 17.5;
				MACOSX_DEPLOYMENT_TARGET = 14.5;
				MARKETING_VERSION = 1.0;
				PRODUCT_BUNDLE_IDENTIFIER = com.example.hapticapp.ProximityHapticAppTests;
				PRODUCT_NAME = "$(TARGET_NAME)";
				SDKROOT = auto;
				SUPPORTED_PLATFORMS = "iphoneos iphonesimulator macosx";
				SWIFT_EMIT_LOC_STRINGS = NO;
				SWIFT_VERSION = 5.0;
				TARGETED_DEVICE_FAMILY = "1,2";
				TEST_HOST = "$(BUILT_PRODUCTS_DIR)/ProximityHapticApp.app/$(BUNDLE_EXECUTABLE_FOLDER_PATH)/ProximityHapticApp";
			};
			name = Debug;
		};
		A099A41A2CE8D67A009C499C /* Release */ = {
			isa = XCBuildConfiguration;
			buildSettings = {
				ALWAYS_EMBED_SWIFT_STANDARD_LIBRARIES = YES;
				BUNDLE_LOADER = "$(TEST_HOST)";
				CODE_SIGN_STYLE = Automatic;
				CURRENT_PROJECT_VERSION = 1;
				DEVELOPMENT_TEAM = BJ4XFR63FY;
				GENERATE_INFOPLIST_FILE = YES;
				IPHONEOS_DEPLOYMENT_TARGET = 17.5;
				MACOSX_DEPLOYMENT_TARGET = 14.5;
				MARKETING_VERSION = 1.0;
				PRODUCT_BUNDLE_IDENTIFIER = com.example.hapticapp.ProximityHapticAppTests;
				PRODUCT_NAME = "$(TARGET_NAME)";
				SDKROOT = auto;
				SUPPORTED_PLATFORMS = "iphoneos iphonesimulator macosx";
				SWIFT_EMIT_LOC_STRINGS = NO;
				SWIFT_VERSION = 5.0;
				TARGETED_DEVICE_FAMILY = "1,2";
				TEST_HOST = "$(BUILT_PRODUCTS_DIR)/ProximityHapticApp.app/$(BUNDLE_EXECUTABLE_FOLDER_PATH)/ProximityHapticApp";
			};
			name = Release;
		};
		A099A41C2CE8D67A009C499C /* Debug */ = {
			isa = XCBuildConfiguration;
			buildSettings = {
				ALWAYS_EMBED_SWIFT_STANDARD_LIBRARIES = YES;
				CODE_SIGN_STYLE = Automatic;
				CURRENT_PROJECT_VERSION = 1;
				DEVELOPMENT_TEAM = BJ4XFR63FY;
				GENERATE_INFOPLIST_FILE = YES;
				IPHONEOS_DEPLOYMENT_TARGET = 17.5;
				MACOSX_DEPLOYMENT_TARGET = 14.5;
				MARKETING_VERSION = 1.0;
				PRODUCT_BUNDLE_IDENTIFIER = com.example.hapticapp.ProximityHapticAppUITests;
				PRODUCT_NAME = "$(TARGET_NAME)";
				SDKROOT = auto;
				SUPPORTED_PLATFORMS = "iphoneos iphonesimulator macosx";
				SWIFT_EMIT_LOC_STRINGS = NO;
				SWIFT_VERSION = 5.0;
				TARGETED_DEVICE_FAMILY = "1,2";
				TEST_TARGET_NAME = ProximityHapticApp;
			};
			name = Debug;
		};
		A099A41D2CE8D67A009C499C /* Release */ = {
			isa = XCBuildConfiguration;
			buildSettings = {
				ALWAYS_EMBED_SWIFT_STANDARD_LIBRARIES = YES;
				CODE_SIGN_STYLE = Automatic;
				CURRENT_PROJECT_VERSION = 1;
				DEVELOPMENT_TEAM = BJ4XFR63FY;
				GENERATE_INFOPLIST_FILE = YES;
				IPHONEOS_DEPLOYMENT_TARGET = 17.5;
				MACOSX_DEPLOYMENT_TARGET = 14.5;
				MARKETING_VERSION = 1.0;
				PRODUCT_BUNDLE_IDENTIFIER = com.example.hapticapp.ProximityHapticAppUITests;
				PRODUCT_NAME = "$(TARGET_NAME)";
				SDKROOT = auto;
				SUPPORTED_PLATFORMS = "iphoneos iphonesimulator macosx";
				SWIFT_EMIT_LOC_STRINGS = NO;
				SWIFT_VERSION = 5.0;
				TARGETED_DEVICE_FAMILY = "1,2";
				TEST_TARGET_NAME = ProximityHapticApp;
			};
			name = Release;
		};
/* End XCBuildConfiguration section */

/* Begin XCConfigurationList section */
		A099A3EB2CE8D678009C499C /* Build configuration list for PBXProject "ProximityHapticApp" */ = {
			isa = XCConfigurationList;
			buildConfigurations = (
				A099A4132CE8D67A009C499C /* Debug */,
				A099A4142CE8D67A009C499C /* Release */,
			);
			defaultConfigurationIsVisible = 0;
			defaultConfigurationName = Release;
		};
		A099A4152CE8D67A009C499C /* Build configuration list for PBXNativeTarget "ProximityHapticApp" */ = {
			isa = XCConfigurationList;
			buildConfigurations = (
				A099A4162CE8D67A009C499C /* Debug */,
				A099A4172CE8D67A009C499C /* Release */,
			);
			defaultConfigurationIsVisible = 0;
			defaultConfigurationName = Release;
		};
		A099A4182CE8D67A009C499C /* Build configuration list for PBXNativeTarget "ProximityHapticAppTests" */ = {
			isa = XCConfigurationList;
			buildConfigurations = (
				A099A4192CE8D67A009C499C /* Debug */,
				A099A41A2CE8D67A009C499C /* Release */,
			);
			defaultConfigurationIsVisible = 0;
			defaultConfigurationName = Release;
		};
		A099A41B2CE8D67A009C499C /* Build configuration list for PBXNativeTarget "ProximityHapticAppUITests" */ = {
			isa = XCConfigurationList;
			buildConfigurations = (
				A099A41C2CE8D67A009C499C /* Debug */,
				A099A41D2CE8D67A009C499C /* Release */,
			);
			defaultConfigurationIsVisible = 0;
			defaultConfigurationName = Release;
		};
/* End XCConfigurationList section */
	};
	rootObject = A099A3E82CE8D678009C499C /* Project object */;
}
